
Microsoft Visual Studio Solution File, Format Version 12.00
# Visual Studio Version 16
VisualStudioVersion = 16.0.30413.136
MinimumVisualStudioVersion = 10.0.40219.1
Project("{FAE04EC0-301F-11D3-BF4B-00C04F79EFBC}") = "Rectangle", "Rectangle\Rectangle.csproj", "{5135E94E-17E0-4B49-BC71-6F319369BF65}"
EndProject
Global
	GlobalSection(SolutionConfigurationPlatforms) = preSolution
		Debug|Any CPU = Debug|Any CPU
		Release|Any CPU = Release|Any CPU
	EndGlobalSection
	GlobalSection(ProjectConfigurationPlatforms) = postSolution
		{5135E94E-17E0-4B49-BC71-6F319369BF65}.Debug|Any CPU.ActiveCfg = Debug|Any CPU
		{5135E94E-17E0-4B49-BC71-6F319369BF65}.Debug|Any CPU.Build.0 = Debug|Any CPU
		{5135E94E-17E0-4B49-BC71-6F319369BF65}.Release|Any CPU.ActiveCfg = Release|Any CPU
		{5135E94E-17E0-4B49-BC71-6F319369BF65}.Release|Any CPU.Build.0 = Release|Any CPU
	EndGlobalSection
	GlobalSection(SolutionProperties) = preSolution
		HideSolutionNode = FALSE
	EndGlobalSection
	GlobalSection(ExtensibilityGlobals) = postSolution
		SolutionGuid = {318B9AF0-E4AB-47BD-A1D6-6FDC08B7134B}
	EndGlobalSection
EndGlobal
