
Microsoft Visual Studio Solution File, Format Version 12.00
# Visual Studio Version 16
VisualStudioVersion = 16.0.30413.136
MinimumVisualStudioVersion = 10.0.40219.1
Project("{FAE04EC0-301F-11D3-BF4B-00C04F79EFBC}") = "ClassesHW1", "ClassesHW1\ClassesHW1.csproj", "{EEA44FEC-84A3-4F3B-8313-C87CF86EDC3E}"
EndProject
Global
	GlobalSection(SolutionConfigurationPlatforms) = preSolution
		Debug|Any CPU = Debug|Any CPU
		Release|Any CPU = Release|Any CPU
	EndGlobalSection
	GlobalSection(ProjectConfigurationPlatforms) = postSolution
		{EEA44FEC-84A3-4F3B-8313-C87CF86EDC3E}.Debug|Any CPU.ActiveCfg = Debug|Any CPU
		{EEA44FEC-84A3-4F3B-8313-C87CF86EDC3E}.Debug|Any CPU.Build.0 = Debug|Any CPU
		{EEA44FEC-84A3-4F3B-8313-C87CF86EDC3E}.Release|Any CPU.ActiveCfg = Release|Any CPU
		{EEA44FEC-84A3-4F3B-8313-C87CF86EDC3E}.Release|Any CPU.Build.0 = Release|Any CPU
	EndGlobalSection
	GlobalSection(SolutionProperties) = preSolution
		HideSolutionNode = FALSE
	EndGlobalSection
	GlobalSection(ExtensibilityGlobals) = postSolution
		SolutionGuid = {BADBF075-82BB-4A8A-8AB1-E950843349CC}
	EndGlobalSection
EndGlobal
